
Microsoft Visual Studio Solution File, Format Version 11.00
# Visual Studio 2010
Project("{FAE04EC0-301F-11D3-BF4B-00C04F79EFBC}") = "MvcNinject", "MvcNinject\MvcNinject.csproj", "{AC95D71B-3769-49F6-A4F1-AE81FCF51FAE}"
EndProject
Project("{FAE04EC0-301F-11D3-BF4B-00C04F79EFBC}") = "MvcNinject.Tests", "MvcNinject.Tests\MvcNinject.Tests.csproj", "{15FBAD43-DFEF-463A-AE6B-0F3D4576912F}"
EndProject
Project("{2150E333-8FDC-42A3-9474-1A3956D46DE8}") = "Lib", "Lib", "{E84E7ED4-E411-4909-90B5-BA6D3EAC6887}"
EndProject
Project("{2150E333-8FDC-42A3-9474-1A3956D46DE8}") = "AutoMapper", "AutoMapper", "{7E2836C1-E58A-4E20-A755-D55EA088A1A9}"
	ProjectSection(SolutionItems) = preProject
		packages\AutoMapper.2.0.0\lib\net40-client\AutoMapper.dll = packages\AutoMapper.2.0.0\lib\net40-client\AutoMapper.dll
		packages\AutoMapper.2.0.0\lib\net40-client\AutoMapper.xml = packages\AutoMapper.2.0.0\lib\net40-client\AutoMapper.xml
	EndProjectSection
EndProject
Project("{2150E333-8FDC-42A3-9474-1A3956D46DE8}") = "Ninject", "Ninject", "{63C22843-CEAB-44B1-A083-40E04A0D1D88}"
	ProjectSection(SolutionItems) = preProject
		packages\Ninject.2.2.1.4\lib\net40-Full\Ninject.dll = packages\Ninject.2.2.1.4\lib\net40-Full\Ninject.dll
		packages\Ninject.2.2.1.4\lib\net40-Full\Ninject.pdb = packages\Ninject.2.2.1.4\lib\net40-Full\Ninject.pdb
		packages\Ninject.MVC3.2.2.2.0\lib\net40-Full\Ninject.Web.Mvc.dll = packages\Ninject.MVC3.2.2.2.0\lib\net40-Full\Ninject.Web.Mvc.dll
		packages\Ninject.MVC3.2.2.2.0\lib\net40-Full\Ninject.Web.Mvc.pdb = packages\Ninject.MVC3.2.2.2.0\lib\net40-Full\Ninject.Web.Mvc.pdb
		packages\Ninject.MVC3.2.2.2.0\lib\net40-Full\Ninject.Web.Mvc.xml = packages\Ninject.MVC3.2.2.2.0\lib\net40-Full\Ninject.Web.Mvc.xml
		packages\Ninject.2.2.1.4\lib\net40-Full\Ninject.xml = packages\Ninject.2.2.1.4\lib\net40-Full\Ninject.xml
	EndProjectSection
EndProject
Project("{2150E333-8FDC-42A3-9474-1A3956D46DE8}") = "Moq", "Moq", "{3616BE9A-C36A-44EC-B1D5-3979C07E706F}"
	ProjectSection(SolutionItems) = preProject
		packages\Moq.4.0.10827\lib\NET40\Moq.dll = packages\Moq.4.0.10827\lib\NET40\Moq.dll
		packages\Moq.4.0.10827\lib\NET40\Moq.pdb = packages\Moq.4.0.10827\lib\NET40\Moq.pdb
		packages\Moq.4.0.10827\lib\NET40\Moq.xml = packages\Moq.4.0.10827\lib\NET40\Moq.xml
	EndProjectSection
EndProject
Global
	GlobalSection(SolutionConfigurationPlatforms) = preSolution
		Debug|Any CPU = Debug|Any CPU
		Release|Any CPU = Release|Any CPU
	EndGlobalSection
	GlobalSection(ProjectConfigurationPlatforms) = postSolution
		{AC95D71B-3769-49F6-A4F1-AE81FCF51FAE}.Debug|Any CPU.ActiveCfg = Debug|Any CPU
		{AC95D71B-3769-49F6-A4F1-AE81FCF51FAE}.Debug|Any CPU.Build.0 = Debug|Any CPU
		{AC95D71B-3769-49F6-A4F1-AE81FCF51FAE}.Release|Any CPU.ActiveCfg = Release|Any CPU
		{AC95D71B-3769-49F6-A4F1-AE81FCF51FAE}.Release|Any CPU.Build.0 = Release|Any CPU
		{15FBAD43-DFEF-463A-AE6B-0F3D4576912F}.Debug|Any CPU.ActiveCfg = Debug|Any CPU
		{15FBAD43-DFEF-463A-AE6B-0F3D4576912F}.Debug|Any CPU.Build.0 = Debug|Any CPU
		{15FBAD43-DFEF-463A-AE6B-0F3D4576912F}.Release|Any CPU.ActiveCfg = Release|Any CPU
		{15FBAD43-DFEF-463A-AE6B-0F3D4576912F}.Release|Any CPU.Build.0 = Release|Any CPU
	EndGlobalSection
	GlobalSection(SolutionProperties) = preSolution
		HideSolutionNode = FALSE
	EndGlobalSection
	GlobalSection(NestedProjects) = preSolution
		{7E2836C1-E58A-4E20-A755-D55EA088A1A9} = {E84E7ED4-E411-4909-90B5-BA6D3EAC6887}
		{63C22843-CEAB-44B1-A083-40E04A0D1D88} = {E84E7ED4-E411-4909-90B5-BA6D3EAC6887}
		{3616BE9A-C36A-44EC-B1D5-3979C07E706F} = {E84E7ED4-E411-4909-90B5-BA6D3EAC6887}
	EndGlobalSection
EndGlobal
