
Microsoft Visual Studio Solution File, Format Version 11.00
# Visual Studio 2010
Project("{FAE04EC0-301F-11D3-BF4B-00C04F79EFBC}") = "MvcNinject", "MvcNinject\MvcNinject.csproj", "{AC95D71B-3769-49F6-A4F1-AE81FCF51FAE}"
EndProject
Project("{FAE04EC0-301F-11D3-BF4B-00C04F79EFBC}") = "MvcNinject.Tests", "MvcNinject.Tests\MvcNinject.Tests.csproj", "{15FBAD43-DFEF-463A-AE6B-0F3D4576912F}"
EndProject
Global
	GlobalSection(SolutionConfigurationPlatforms) = preSolution
		Debug|Any CPU = Debug|Any CPU
		Release|Any CPU = Release|Any CPU
	EndGlobalSection
	GlobalSection(ProjectConfigurationPlatforms) = postSolution
		{AC95D71B-3769-49F6-A4F1-AE81FCF51FAE}.Debug|Any CPU.ActiveCfg = Debug|Any CPU
		{AC95D71B-3769-49F6-A4F1-AE81FCF51FAE}.Debug|Any CPU.Build.0 = Debug|Any CPU
		{AC95D71B-3769-49F6-A4F1-AE81FCF51FAE}.Release|Any CPU.ActiveCfg = Release|Any CPU
		{AC95D71B-3769-49F6-A4F1-AE81FCF51FAE}.Release|Any CPU.Build.0 = Release|Any CPU
		{15FBAD43-DFEF-463A-AE6B-0F3D4576912F}.Debug|Any CPU.ActiveCfg = Debug|Any CPU
		{15FBAD43-DFEF-463A-AE6B-0F3D4576912F}.Debug|Any CPU.Build.0 = Debug|Any CPU
		{15FBAD43-DFEF-463A-AE6B-0F3D4576912F}.Release|Any CPU.ActiveCfg = Release|Any CPU
		{15FBAD43-DFEF-463A-AE6B-0F3D4576912F}.Release|Any CPU.Build.0 = Release|Any CPU
	EndGlobalSection
	GlobalSection(SolutionProperties) = preSolution
		HideSolutionNode = FALSE
	EndGlobalSection
EndGlobal
